
Microsoft Visual Studio Solution File, Format Version 12.00
# Visual Studio Version 17
VisualStudioVersion = 17.13.35818.85 d17.13
MinimumVisualStudioVersion = 10.0.40219.1
Project("{FAE04EC0-301F-11D3-BF4B-00C04F79EFBC}") = "Q4", "Q4\Q4.csproj", "{5BE20186-9D4C-4601-B653-6F5B176982DB}"
EndProject
Global
	GlobalSection(SolutionConfigurationPlatforms) = preSolution
		Debug|Any CPU = Debug|Any CPU
		Release|Any CPU = Release|Any CPU
	EndGlobalSection
	GlobalSection(ProjectConfigurationPlatforms) = postSolution
		{5BE20186-9D4C-4601-B653-6F5B176982DB}.Debug|Any CPU.ActiveCfg = Debug|Any CPU
		{5BE20186-9D4C-4601-B653-6F5B176982DB}.Debug|Any CPU.Build.0 = Debug|Any CPU
		{5BE20186-9D4C-4601-B653-6F5B176982DB}.Release|Any CPU.ActiveCfg = Release|Any CPU
		{5BE20186-9D4C-4601-B653-6F5B176982DB}.Release|Any CPU.Build.0 = Release|Any CPU
	EndGlobalSection
	GlobalSection(SolutionProperties) = preSolution
		HideSolutionNode = FALSE
	EndGlobalSection
	GlobalSection(ExtensibilityGlobals) = postSolution
		SolutionGuid = {56CDA880-BC90-40DF-B31E-8224EA831940}
	EndGlobalSection
EndGlobal
